// !$*UTF8*$!
{
	archiveVersion = 1;
	classes = {
	};
	objectVersion = 46;
	objects = {

/* Begin PBXBuildFile section */
		DCDBB4061B53B9B3008B446D /* main.m in Sources */ = {isa = PBXBuildFile; fileRef = DCDBB4051B53B9B3008B446D /* main.m */; };
		DCDBB40E1B53B9E2008B446D /* AudioToolbox.framework in Frameworks */ = {isa = PBXBuildFile; fileRef = DCDBB40D1B53B9E2008B446D /* AudioToolbox.framework */; };
/* End PBXBuildFile section */

/* Begin PBXCopyFilesBuildPhase section */
		DCDBB4001B53B9B3008B446D /* CopyFiles */ = {
			isa = PBXCopyFilesBuildPhase;
			buildActionMask = 2147483647;
			dstPath = /usr/share/man/man1/;
			dstSubfolderSpec = 0;
			files = (
			);
			runOnlyForDeploymentPostprocessing = 1;
		};
/* End PBXCopyFilesBuildPhase section */

/* Begin PBXFileReference section */
		DCDBB4021B53B9B3008B446D /* ToneFileGenerator */ = {isa = PBXFileReference; explicitFileType = "compiled.mach-o.executable"; includeInIndex = 0; path = ToneFileGenerator; sourceTree = BUILT_PRODUCTS_DIR; };
		DCDBB4051B53B9B3008B446D /* main.m */ = {isa = PBXFileReference; lastKnownFileType = sourcecode.c.objc; path = main.m; sourceTree = "<group>"; };
		DCDBB40D1B53B9E2008B446D /* AudioToolbox.framework */ = {isa = PBXFileReference; lastKnownFileType = wrapper.framework; name = AudioToolbox.framework; path = System/Library/Frameworks/AudioToolbox.framework; sourceTree = SDKROOT; };
/* End PBXFileReference section */

/* Begin PBXFrameworksBuildPhase section */
		DCDBB3FF1B53B9B3008B446D /* Frameworks */ = {
			isa = PBXFrameworksBuildPhase;
			buildActionMask = 2147483647;
			files = (
				DCDBB40E1B53B9E2008B446D /* AudioToolbox.framework in Frameworks */,
			);
			runOnlyForDeploymentPostprocessing = 0;
		};
/* End PBXFrameworksBuildPhase section */

/* Begin PBXGroup section */
		DCDBB3F91B53B9B3008B446D = {
			isa = PBXGroup;
			children = (
				DCDBB4041B53B9B3008B446D /* ToneFileGenerator */,
				DCDBB40C1B53B9BC008B446D /* Frameworks */,
				DCDBB4031B53B9B3008B446D /* Products */,
			);
			sourceTree = "<group>";
		};
		DCDBB4031B53B9B3008B446D /* Products */ = {
			isa = PBXGroup;
			children = (
				DCDBB4021B53B9B3008B446D /* ToneFileGenerator */,
			);
			name = Products;
			sourceTree = "<group>";
		};
		DCDBB4041B53B9B3008B446D /* ToneFileGenerator */ = {
			isa = PBXGroup;
			children = (
				DCDBB4051B53B9B3008B446D /* main.m */,
			);
			path = ToneFileGenerator;
			sourceTree = "<group>";
		};
		DCDBB40C1B53B9BC008B446D /* Frameworks */ = {
			isa = PBXGroup;
			children = (
				DCDBB40D1B53B9E2008B446D /* AudioToolbox.framework */,
			);
			name = Frameworks;
			sourceTree = "<group>";
		};
/* End PBXGroup section */

/* Begin PBXNativeTarget section */
		DCDBB4011B53B9B3008B446D /* ToneFileGenerator */ = {
			isa = PBXNativeTarget;
			buildConfigurationList = DCDBB4091B53B9B3008B446D /* Build configuration list for PBXNativeTarget "ToneFileGenerator" */;
			buildPhases = (
				DCDBB3FE1B53B9B3008B446D /* Sources */,
				DCDBB3FF1B53B9B3008B446D /* Frameworks */,
				DCDBB4001B53B9B3008B446D /* CopyFiles */,
			);
			buildRules = (
			);
			dependencies = (
			);
			name = ToneFileGenerator;
			productName = ToneFileGenerator;
			productReference = DCDBB4021B53B9B3008B446D /* ToneFileGenerator */;
			productType = "com.apple.product-type.tool";
		};
/* End PBXNativeTarget section */

/* Begin PBXProject section */
		DCDBB3FA1B53B9B3008B446D /* Project object */ = {
			isa = PBXProject;
			attributes = {
				LastUpgradeCheck = 0640;
				ORGANIZATIONNAME = FineSketch;
				TargetAttributes = {
					DCDBB4011B53B9B3008B446D = {
						CreatedOnToolsVersion = 6.4;
					};
				};
			};
			buildConfigurationList = DCDBB3FD1B53B9B3008B446D /* Build configuration list for PBXProject "ToneFileGenerator" */;
			compatibilityVersion = "Xcode 3.2";
			developmentRegion = English;
			hasScannedForEncodings = 0;
			knownRegions = (
				en,
			);
			mainGroup = DCDBB3F91B53B9B3008B446D;
			productRefGroup = DCDBB4031B53B9B3008B446D /* Products */;
			projectDirPath = "";
			projectRoot = "";
			targets = (
				DCDBB4011B53B9B3008B446D /* ToneFileGenerator */,
			);
		};
/* End PBXProject section */

/* Begin PBXSourcesBuildPhase section */
		DCDBB3FE1B53B9B3008B446D /* Sources */ = {
			isa = PBXSourcesBuildPhase;
			buildActionMask = 2147483647;
			files = (
				DCDBB4061B53B9B3008B446D /* main.m in Sources */,
			);
			runOnlyForDeploymentPostprocessing = 0;
		};
/* End PBXSourcesBuildPhase section */

/* Begin XCBuildConfiguration section */
		DCDBB4071B53B9B3008B446D /* Debug */ = {
			isa = XCBuildConfiguration;
			buildSettings = {
				ALWAYS_SEARCH_USER_PATHS = NO;
				CLANG_CXX_LANGUAGE_STANDARD = "gnu++0x";
				CLANG_CXX_LIBRARY = "libc++";
				CLANG_ENABLE_MODULES = YES;
				CLANG_ENABLE_OBJC_ARC = YES;
				CLANG_WARN_BOOL_CONVERSION = YES;
				CLANG_WARN_CONSTANT_CONVERSION = YES;
				CLANG_WARN_DIRECT_OBJC_ISA_USAGE = YES_ERROR;
				CLANG_WARN_EMPTY_BODY = YES;
				CLANG_WARN_ENUM_CONVERSION = YES;
				CLANG_WARN_INT_CONVERSION = YES;
				CLANG_WARN_OBJC_ROOT_CLASS = YES_ERROR;
				CLANG_WARN_UNREACHABLE_CODE = YES;
				CLANG_WARN__DUPLICATE_METHOD_MATCH = YES;
				COPY_PHASE_STRIP = NO;
				DEBUG_INFORMATION_FORMAT = dwarf;
				ENABLE_STRICT_OBJC_MSGSEND = YES;
				GCC_C_LANGUAGE_STANDARD = gnu99;
				GCC_DYNAMIC_NO_PIC = NO;
				GCC_NO_COMMON_BLOCKS = YES;
				GCC_OPTIMIZATION_LEVEL = 0;
				GCC_PREPROCESSOR_DEFINITIONS = (
					"DEBUG=1",
					"$(inherited)",
				);
				GCC_SYMBOLS_PRIVATE_EXTERN = NO;
				GCC_WARN_64_TO_32_BIT_CONVERSION = YES;
				GCC_WARN_ABOUT_RETURN_TYPE = YES_ERROR;
				GCC_WARN_UNDECLARED_SELECTOR = YES;
				GCC_WARN_UNINITIALIZED_AUTOS = YES_AGGRESSIVE;
				GCC_WARN_UNUSED_FUNCTION = YES;
				GCC_WARN_UNUSED_VARIABLE = YES;
				MACOSX_DEPLOYMENT_TARGET = 10.10;
				MTL_ENABLE_DEBUG_INFO = YES;
				ONLY_ACTIVE_ARCH = YES;
				SDKROOT = macosx;
			};
			name = Debug;
		};
		DCDBB4081B53B9B3008B446D /* Release */ = {
			isa = XCBuildConfiguration;
			buildSettings = {
				ALWAYS_SEARCH_USER_PATHS = NO;
				CLANG_CXX_LANGUAGE_STANDARD = "gnu++0x";
				CLANG_CXX_LIBRARY = "libc++";
				CLANG_ENABLE_MODULES = YES;
				CLANG_ENABLE_OBJC_ARC = YES;
				CLANG_WARN_BOOL_CONVERSION = YES;
				CLANG_WARN_CONSTANT_CONVERSION = YES;
				CLANG_WARN_DIRECT_OBJC_ISA_USAGE = YES_ERROR;
				CLANG_WARN_EMPTY_BODY = YES;
				CLANG_WARN_ENUM_CONVERSION = YES;
				CLANG_WARN_INT_CONVERSION = YES;
				CLANG_WARN_OBJC_ROOT_CLASS = YES_ERROR;
				CLANG_WARN_UNREACHABLE_CODE = YES;
				CLANG_WARN__DUPLICATE_METHOD_MATCH = YES;
				COPY_PHASE_STRIP = NO;
				DEBUG_INFORMATION_FORMAT = "dwarf-with-dsym";
				ENABLE_NS_ASSERTIONS = NO;
				ENABLE_STRICT_OBJC_MSGSEND = YES;
				GCC_C_LANGUAGE_STANDARD = gnu99;
				GCC_NO_COMMON_BLOCKS = YES;
				GCC_WARN_64_TO_32_BIT_CONVERSION = YES;
				GCC_WARN_ABOUT_RETURN_TYPE = YES_ERROR;
				GCC_WARN_UNDECLARED_SELECTOR = YES;
				GCC_WARN_UNINITIALIZED_AUTOS = YES_AGGRESSIVE;
				GCC_WARN_UNUSED_FUNCTION = YES;
				GCC_WARN_UNUSED_VARIABLE = YES;
				MACOSX_DEPLOYMENT_TARGET = 10.10;
				MTL_ENABLE_DEBUG_INFO = NO;
				SDKROOT = macosx;
			};
			name = Release;
		};
		DCDBB40A1B53B9B3008B446D /* Debug */ = {
			isa = XCBuildConfiguration;
			buildSettings = {
				PRODUCT_NAME = "$(TARGET_NAME)";
			};
			name = Debug;
		};
		DCDBB40B1B53B9B3008B446D /* Release */ = {
			isa = XCBuildConfiguration;
			buildSettings = {
				PRODUCT_NAME = "$(TARGET_NAME)";
			};
			name = Release;
		};
/* End XCBuildConfiguration section */

/* Begin XCConfigurationList section */
		DCDBB3FD1B53B9B3008B446D /* Build configuration list for PBXProject "ToneFileGenerator" */ = {
			isa = XCConfigurationList;
			buildConfigurations = (
				DCDBB4071B53B9B3008B446D /* Debug */,
				DCDBB4081B53B9B3008B446D /* Release */,
			);
			defaultConfigurationIsVisible = 0;
			defaultConfigurationName = Release;
		};
		DCDBB4091B53B9B3008B446D /* Build configuration list for PBXNativeTarget "ToneFileGenerator" */ = {
			isa = XCConfigurationList;
			buildConfigurations = (
				DCDBB40A1B53B9B3008B446D /* Debug */,
				DCDBB40B1B53B9B3008B446D /* Release */,
			);
			defaultConfigurationIsVisible = 0;
		};
/* End XCConfigurationList section */
	};
	rootObject = DCDBB3FA1B53B9B3008B446D /* Project object */;
}
