// !$*UTF8*$!
{
	archiveVersion = 1;
	classes = {
	};
	objectVersion = 46;
	objects = {

/* Begin PBXBuildFile section */
		DCDBB3F01B53B42A008B446D /* main.m in Sources */ = {isa = PBXBuildFile; fileRef = DCDBB3EF1B53B42A008B446D /* main.m */; };
		DCDBB3F81B53B4CE008B446D /* AudioToolbox.framework in Frameworks */ = {isa = PBXBuildFile; fileRef = DCDBB3F71B53B4CE008B446D /* AudioToolbox.framework */; };
/* End PBXBuildFile section */

/* Begin PBXCopyFilesBuildPhase section */
		DCDBB3EA1B53B42A008B446D /* CopyFiles */ = {
			isa = PBXCopyFilesBuildPhase;
			buildActionMask = 2147483647;
			dstPath = /usr/share/man/man1/;
			dstSubfolderSpec = 0;
			files = (
			);
			runOnlyForDeploymentPostprocessing = 1;
		};
/* End PBXCopyFilesBuildPhase section */

/* Begin PBXFileReference section */
		DCDBB3EC1B53B42A008B446D /* ReadAudioMetadata */ = {isa = PBXFileReference; explicitFileType = "compiled.mach-o.executable"; includeInIndex = 0; path = ReadAudioMetadata; sourceTree = BUILT_PRODUCTS_DIR; };
		DCDBB3EF1B53B42A008B446D /* main.m */ = {isa = PBXFileReference; lastKnownFileType = sourcecode.c.objc; path = main.m; sourceTree = "<group>"; };
		DCDBB3F71B53B4CE008B446D /* AudioToolbox.framework */ = {isa = PBXFileReference; lastKnownFileType = wrapper.framework; name = AudioToolbox.framework; path = System/Library/Frameworks/AudioToolbox.framework; sourceTree = SDKROOT; };
/* End PBXFileReference section */

/* Begin PBXFrameworksBuildPhase section */
		DCDBB3E91B53B42A008B446D /* Frameworks */ = {
			isa = PBXFrameworksBuildPhase;
			buildActionMask = 2147483647;
			files = (
				DCDBB3F81B53B4CE008B446D /* AudioToolbox.framework in Frameworks */,
			);
			runOnlyForDeploymentPostprocessing = 0;
		};
/* End PBXFrameworksBuildPhase section */

/* Begin PBXGroup section */
		DCDBB3E31B53B42A008B446D = {
			isa = PBXGroup;
			children = (
				DCDBB3EE1B53B42A008B446D /* ReadAudioMetadata */,
				DCDBB3F61B53B4B3008B446D /* Frameworks */,
				DCDBB3ED1B53B42A008B446D /* Products */,
			);
			sourceTree = "<group>";
		};
		DCDBB3ED1B53B42A008B446D /* Products */ = {
			isa = PBXGroup;
			children = (
				DCDBB3EC1B53B42A008B446D /* ReadAudioMetadata */,
			);
			name = Products;
			sourceTree = "<group>";
		};
		DCDBB3EE1B53B42A008B446D /* ReadAudioMetadata */ = {
			isa = PBXGroup;
			children = (
				DCDBB3EF1B53B42A008B446D /* main.m */,
			);
			path = ReadAudioMetadata;
			sourceTree = "<group>";
		};
		DCDBB3F61B53B4B3008B446D /* Frameworks */ = {
			isa = PBXGroup;
			children = (
				DCDBB3F71B53B4CE008B446D /* AudioToolbox.framework */,
			);
			name = Frameworks;
			sourceTree = "<group>";
		};
/* End PBXGroup section */

/* Begin PBXNativeTarget section */
		DCDBB3EB1B53B42A008B446D /* ReadAudioMetadata */ = {
			isa = PBXNativeTarget;
			buildConfigurationList = DCDBB3F31B53B42A008B446D /* Build configuration list for PBXNativeTarget "ReadAudioMetadata" */;
			buildPhases = (
				DCDBB3E81B53B42A008B446D /* Sources */,
				DCDBB3E91B53B42A008B446D /* Frameworks */,
				DCDBB3EA1B53B42A008B446D /* CopyFiles */,
			);
			buildRules = (
			);
			dependencies = (
			);
			name = ReadAudioMetadata;
			productName = ReadAudioMetadata;
			productReference = DCDBB3EC1B53B42A008B446D /* ReadAudioMetadata */;
			productType = "com.apple.product-type.tool";
		};
/* End PBXNativeTarget section */

/* Begin PBXProject section */
		DCDBB3E41B53B42A008B446D /* Project object */ = {
			isa = PBXProject;
			attributes = {
				LastUpgradeCheck = 0640;
				ORGANIZATIONNAME = FineSketch;
				TargetAttributes = {
					DCDBB3EB1B53B42A008B446D = {
						CreatedOnToolsVersion = 6.4;
					};
				};
			};
			buildConfigurationList = DCDBB3E71B53B42A008B446D /* Build configuration list for PBXProject "ReadAudioMetadata" */;
			compatibilityVersion = "Xcode 3.2";
			developmentRegion = English;
			hasScannedForEncodings = 0;
			knownRegions = (
				en,
			);
			mainGroup = DCDBB3E31B53B42A008B446D;
			productRefGroup = DCDBB3ED1B53B42A008B446D /* Products */;
			projectDirPath = "";
			projectRoot = "";
			targets = (
				DCDBB3EB1B53B42A008B446D /* ReadAudioMetadata */,
			);
		};
/* End PBXProject section */

/* Begin PBXSourcesBuildPhase section */
		DCDBB3E81B53B42A008B446D /* Sources */ = {
			isa = PBXSourcesBuildPhase;
			buildActionMask = 2147483647;
			files = (
				DCDBB3F01B53B42A008B446D /* main.m in Sources */,
			);
			runOnlyForDeploymentPostprocessing = 0;
		};
/* End PBXSourcesBuildPhase section */

/* Begin XCBuildConfiguration section */
		DCDBB3F11B53B42A008B446D /* Debug */ = {
			isa = XCBuildConfiguration;
			buildSettings = {
				ALWAYS_SEARCH_USER_PATHS = NO;
				CLANG_CXX_LANGUAGE_STANDARD = "gnu++0x";
				CLANG_CXX_LIBRARY = "libc++";
				CLANG_ENABLE_MODULES = YES;
				CLANG_ENABLE_OBJC_ARC = YES;
				CLANG_WARN_BOOL_CONVERSION = YES;
				CLANG_WARN_CONSTANT_CONVERSION = YES;
				CLANG_WARN_DIRECT_OBJC_ISA_USAGE = YES_ERROR;
				CLANG_WARN_EMPTY_BODY = YES;
				CLANG_WARN_ENUM_CONVERSION = YES;
				CLANG_WARN_INT_CONVERSION = YES;
				CLANG_WARN_OBJC_ROOT_CLASS = YES_ERROR;
				CLANG_WARN_UNREACHABLE_CODE = YES;
				CLANG_WARN__DUPLICATE_METHOD_MATCH = YES;
				COPY_PHASE_STRIP = NO;
				DEBUG_INFORMATION_FORMAT = dwarf;
				ENABLE_STRICT_OBJC_MSGSEND = YES;
				GCC_C_LANGUAGE_STANDARD = gnu99;
				GCC_DYNAMIC_NO_PIC = NO;
				GCC_NO_COMMON_BLOCKS = YES;
				GCC_OPTIMIZATION_LEVEL = 0;
				GCC_PREPROCESSOR_DEFINITIONS = (
					"DEBUG=1",
					"$(inherited)",
				);
				GCC_SYMBOLS_PRIVATE_EXTERN = NO;
				GCC_WARN_64_TO_32_BIT_CONVERSION = YES;
				GCC_WARN_ABOUT_RETURN_TYPE = YES_ERROR;
				GCC_WARN_UNDECLARED_SELECTOR = YES;
				GCC_WARN_UNINITIALIZED_AUTOS = YES_AGGRESSIVE;
				GCC_WARN_UNUSED_FUNCTION = YES;
				GCC_WARN_UNUSED_VARIABLE = YES;
				MACOSX_DEPLOYMENT_TARGET = 10.10;
				MTL_ENABLE_DEBUG_INFO = YES;
				ONLY_ACTIVE_ARCH = YES;
				SDKROOT = macosx;
			};
			name = Debug;
		};
		DCDBB3F21B53B42A008B446D /* Release */ = {
			isa = XCBuildConfiguration;
			buildSettings = {
				ALWAYS_SEARCH_USER_PATHS = NO;
				CLANG_CXX_LANGUAGE_STANDARD = "gnu++0x";
				CLANG_CXX_LIBRARY = "libc++";
				CLANG_ENABLE_MODULES = YES;
				CLANG_ENABLE_OBJC_ARC = YES;
				CLANG_WARN_BOOL_CONVERSION = YES;
				CLANG_WARN_CONSTANT_CONVERSION = YES;
				CLANG_WARN_DIRECT_OBJC_ISA_USAGE = YES_ERROR;
				CLANG_WARN_EMPTY_BODY = YES;
				CLANG_WARN_ENUM_CONVERSION = YES;
				CLANG_WARN_INT_CONVERSION = YES;
				CLANG_WARN_OBJC_ROOT_CLASS = YES_ERROR;
				CLANG_WARN_UNREACHABLE_CODE = YES;
				CLANG_WARN__DUPLICATE_METHOD_MATCH = YES;
				COPY_PHASE_STRIP = NO;
				DEBUG_INFORMATION_FORMAT = "dwarf-with-dsym";
				ENABLE_NS_ASSERTIONS = NO;
				ENABLE_STRICT_OBJC_MSGSEND = YES;
				GCC_C_LANGUAGE_STANDARD = gnu99;
				GCC_NO_COMMON_BLOCKS = YES;
				GCC_WARN_64_TO_32_BIT_CONVERSION = YES;
				GCC_WARN_ABOUT_RETURN_TYPE = YES_ERROR;
				GCC_WARN_UNDECLARED_SELECTOR = YES;
				GCC_WARN_UNINITIALIZED_AUTOS = YES_AGGRESSIVE;
				GCC_WARN_UNUSED_FUNCTION = YES;
				GCC_WARN_UNUSED_VARIABLE = YES;
				MACOSX_DEPLOYMENT_TARGET = 10.10;
				MTL_ENABLE_DEBUG_INFO = NO;
				SDKROOT = macosx;
			};
			name = Release;
		};
		DCDBB3F41B53B42A008B446D /* Debug */ = {
			isa = XCBuildConfiguration;
			buildSettings = {
				PRODUCT_NAME = "$(TARGET_NAME)";
			};
			name = Debug;
		};
		DCDBB3F51B53B42A008B446D /* Release */ = {
			isa = XCBuildConfiguration;
			buildSettings = {
				PRODUCT_NAME = "$(TARGET_NAME)";
			};
			name = Release;
		};
/* End XCBuildConfiguration section */

/* Begin XCConfigurationList section */
		DCDBB3E71B53B42A008B446D /* Build configuration list for PBXProject "ReadAudioMetadata" */ = {
			isa = XCConfigurationList;
			buildConfigurations = (
				DCDBB3F11B53B42A008B446D /* Debug */,
				DCDBB3F21B53B42A008B446D /* Release */,
			);
			defaultConfigurationIsVisible = 0;
			defaultConfigurationName = Release;
		};
		DCDBB3F31B53B42A008B446D /* Build configuration list for PBXNativeTarget "ReadAudioMetadata" */ = {
			isa = XCConfigurationList;
			buildConfigurations = (
				DCDBB3F41B53B42A008B446D /* Debug */,
				DCDBB3F51B53B42A008B446D /* Release */,
			);
			defaultConfigurationIsVisible = 0;
			defaultConfigurationName = Release;
		};
/* End XCConfigurationList section */
	};
	rootObject = DCDBB3E41B53B42A008B446D /* Project object */;
}
